// !$*UTF8*$!
{
	archiveVersion = 1;
	classes = {
	};
	objectVersion = 77;
	objects = {

/* Begin PBXContainerItemProxy section */
		2B72F7202DB279FD005CC491 /* PBXContainerItemProxy */ = {
			isa = PBXContainerItemProxy;
			containerPortal = 2B72F7012DB279FB005CC491 /* Project object */;
			proxyType = 1;
			remoteGlobalIDString = 2B72F7082DB279FB005CC491;
			remoteInfo = GithubList;
		};
		2B72F72A2DB279FD005CC491 /* PBXContainerItemProxy */ = {
			isa = PBXContainerItemProxy;
			containerPortal = 2B72F7012DB279FB005CC491 /* Project object */;
			proxyType = 1;
			remoteGlobalIDString = 2B72F7082DB279FB005CC491;
			remoteInfo = GithubList;
		};
/* End PBXContainerItemProxy section */

/* Begin PBXFileReference section */
		2B72F7092DB279FB005CC491 /* GithubList.app */ = {isa = PBXFileReference; explicitFileType = wrapper.application; includeInIndex = 0; path = GithubList.app; sourceTree = BUILT_PRODUCTS_DIR; };
		2B72F71F2DB279FD005CC491 /* GithubListTests.xctest */ = {isa = PBXFileReference; explicitFileType = wrapper.cfbundle; includeInIndex = 0; path = GithubListTests.xctest; sourceTree = BUILT_PRODUCTS_DIR; };
		2B72F7292DB279FD005CC491 /* GithubListUITests.xctest */ = {isa = PBXFileReference; explicitFileType = wrapper.cfbundle; includeInIndex = 0; path = GithubListUITests.xctest; sourceTree = BUILT_PRODUCTS_DIR; };
/* End PBXFileReference section */

/* Begin PBXFileSystemSynchronizedBuildFileExceptionSet section */
		2B72F7312DB279FD005CC491 /* Exceptions for "GithubList" folder in "GithubList" target */ = {
			isa = PBXFileSystemSynchronizedBuildFileExceptionSet;
			membershipExceptions = (
				Info.plist,
			);
			target = 2B72F7082DB279FB005CC491 /* GithubList */;
		};
/* End PBXFileSystemSynchronizedBuildFileExceptionSet section */

/* Begin PBXFileSystemSynchronizedRootGroup section */
		2B72F70B2DB279FB005CC491 /* GithubList */ = {
			isa = PBXFileSystemSynchronizedRootGroup;
			exceptions = (
				2B72F7312DB279FD005CC491 /* Exceptions for "GithubList" folder in "GithubList" target */,
			);
			path = GithubList;
			sourceTree = "<group>";
		};
		2B72F7222DB279FD005CC491 /* GithubListTests */ = {
			isa = PBXFileSystemSynchronizedRootGroup;
			path = GithubListTests;
			sourceTree = "<group>";
		};
		2B72F72C2DB279FD005CC491 /* GithubListUITests */ = {
			isa = PBXFileSystemSynchronizedRootGroup;
			path = GithubListUITests;
			sourceTree = "<group>";
		};
/* End PBXFileSystemSynchronizedRootGroup section */

/* Begin PBXFrameworksBuildPhase section */
		2B72F7062DB279FB005CC491 /* Frameworks */ = {
			isa = PBXFrameworksBuildPhase;
			buildActionMask = 2147483647;
			files = (
			);
			runOnlyForDeploymentPostprocessing = 0;
		};
		2B72F71C2DB279FD005CC491 /* Frameworks */ = {
			isa = PBXFrameworksBuildPhase;
			buildActionMask = 2147483647;
			files = (
			);
			runOnlyForDeploymentPostprocessing = 0;
		};
		2B72F7262DB279FD005CC491 /* Frameworks */ = {
			isa = PBXFrameworksBuildPhase;
			buildActionMask = 2147483647;
			files = (
			);
			runOnlyForDeploymentPostprocessing = 0;
		};
/* End PBXFrameworksBuildPhase section */

/* Begin PBXGroup section */
		2B72F7002DB279FB005CC491 = {
			isa = PBXGroup;
			children = (
				2B72F70B2DB279FB005CC491 /* GithubList */,
				2B72F7222DB279FD005CC491 /* GithubListTests */,
				2B72F72C2DB279FD005CC491 /* GithubListUITests */,
				2B72F70A2DB279FB005CC491 /* Products */,
			);
			sourceTree = "<group>";
		};
		2B72F70A2DB279FB005CC491 /* Products */ = {
			isa = PBXGroup;
			children = (
				2B72F7092DB279FB005CC491 /* GithubList.app */,
				2B72F71F2DB279FD005CC491 /* GithubListTests.xctest */,
				2B72F7292DB279FD005CC491 /* GithubListUITests.xctest */,
			);
			name = Products;
			sourceTree = "<group>";
		};
/* End PBXGroup section */

/* Begin PBXNativeTarget section */
		2B72F7082DB279FB005CC491 /* GithubList */ = {
			isa = PBXNativeTarget;
			buildConfigurationList = 2B72F7322DB279FD005CC491 /* Build configuration list for PBXNativeTarget "GithubList" */;
			buildPhases = (
				2B72F7052DB279FB005CC491 /* Sources */,
				2B72F7062DB279FB005CC491 /* Frameworks */,
				2B72F7072DB279FB005CC491 /* Resources */,
			);
			buildRules = (
			);
			dependencies = (
			);
			fileSystemSynchronizedGroups = (
				2B72F70B2DB279FB005CC491 /* GithubList */,
			);
			name = GithubList;
			packageProductDependencies = (
			);
			productName = GithubList;
			productReference = 2B72F7092DB279FB005CC491 /* GithubList.app */;
			productType = "com.apple.product-type.application";
		};
		2B72F71E2DB279FD005CC491 /* GithubListTests */ = {
			isa = PBXNativeTarget;
			buildConfigurationList = 2B72F7372DB279FD005CC491 /* Build configuration list for PBXNativeTarget "GithubListTests" */;
			buildPhases = (
				2B72F71B2DB279FD005CC491 /* Sources */,
				2B72F71C2DB279FD005CC491 /* Frameworks */,
				2B72F71D2DB279FD005CC491 /* Resources */,
			);
			buildRules = (
			);
			dependencies = (
				2B72F7212DB279FD005CC491 /* PBXTargetDependency */,
			);
			fileSystemSynchronizedGroups = (
				2B72F7222DB279FD005CC491 /* GithubListTests */,
			);
			name = GithubListTests;
			packageProductDependencies = (
			);
			productName = GithubListTests;
			productReference = 2B72F71F2DB279FD005CC491 /* GithubListTests.xctest */;
			productType = "com.apple.product-type.bundle.unit-test";
		};
		2B72F7282DB279FD005CC491 /* GithubListUITests */ = {
			isa = PBXNativeTarget;
			buildConfigurationList = 2B72F73A2DB279FD005CC491 /* Build configuration list for PBXNativeTarget "GithubListUITests" */;
			buildPhases = (
				2B72F7252DB279FD005CC491 /* Sources */,
				2B72F7262DB279FD005CC491 /* Frameworks */,
				2B72F7272DB279FD005CC491 /* Resources */,
			);
			buildRules = (
			);
			dependencies = (
				2B72F72B2DB279FD005CC491 /* PBXTargetDependency */,
			);
			fileSystemSynchronizedGroups = (
				2B72F72C2DB279FD005CC491 /* GithubListUITests */,
			);
			name = GithubListUITests;
			packageProductDependencies = (
			);
			productName = GithubListUITests;
			productReference = 2B72F7292DB279FD005CC491 /* GithubListUITests.xctest */;
			productType = "com.apple.product-type.bundle.ui-testing";
		};
/* End PBXNativeTarget section */

/* Begin PBXProject section */
		2B72F7012DB279FB005CC491 /* Project object */ = {
			isa = PBXProject;
			attributes = {
				BuildIndependentTargetsInParallel = 1;
				LastSwiftUpdateCheck = 1600;
				LastUpgradeCheck = 1600;
				TargetAttributes = {
					2B72F7082DB279FB005CC491 = {
						CreatedOnToolsVersion = 16.0;
					};
					2B72F71E2DB279FD005CC491 = {
						CreatedOnToolsVersion = 16.0;
						TestTargetID = 2B72F7082DB279FB005CC491;
					};
					2B72F7282DB279FD005CC491 = {
						CreatedOnToolsVersion = 16.0;
						TestTargetID = 2B72F7082DB279FB005CC491;
					};
				};
			};
			buildConfigurationList = 2B72F7042DB279FB005CC491 /* Build configuration list for PBXProject "GithubList" */;
			developmentRegion = en;
			hasScannedForEncodings = 0;
			knownRegions = (
				en,
				Base,
			);
			mainGroup = 2B72F7002DB279FB005CC491;
			minimizedProjectReferenceProxies = 1;
			preferredProjectObjectVersion = 77;
			productRefGroup = 2B72F70A2DB279FB005CC491 /* Products */;
			projectDirPath = "";
			projectRoot = "";
			targets = (
				2B72F7082DB279FB005CC491 /* GithubList */,
				2B72F71E2DB279FD005CC491 /* GithubListTests */,
				2B72F7282DB279FD005CC491 /* GithubListUITests */,
			);
		};
/* End PBXProject section */

/* Begin PBXResourcesBuildPhase section */
		2B72F7072DB279FB005CC491 /* Resources */ = {
			isa = PBXResourcesBuildPhase;
			buildActionMask = 2147483647;
			files = (
			);
			runOnlyForDeploymentPostprocessing = 0;
		};
		2B72F71D2DB279FD005CC491 /* Resources */ = {
			isa = PBXResourcesBuildPhase;
			buildActionMask = 2147483647;
			files = (
			);
			runOnlyForDeploymentPostprocessing = 0;
		};
		2B72F7272DB279FD005CC491 /* Resources */ = {
			isa = PBXResourcesBuildPhase;
			buildActionMask = 2147483647;
			files = (
			);
			runOnlyForDeploymentPostprocessing = 0;
		};
/* End PBXResourcesBuildPhase section */

/* Begin PBXSourcesBuildPhase section */
		2B72F7052DB279FB005CC491 /* Sources */ = {
			isa = PBXSourcesBuildPhase;
			buildActionMask = 2147483647;
			files = (
			);
			runOnlyForDeploymentPostprocessing = 0;
		};
		2B72F71B2DB279FD005CC491 /* Sources */ = {
			isa = PBXSourcesBuildPhase;
			buildActionMask = 2147483647;
			files = (
			);
			runOnlyForDeploymentPostprocessing = 0;
		};
		2B72F7252DB279FD005CC491 /* Sources */ = {
			isa = PBXSourcesBuildPhase;
			buildActionMask = 2147483647;
			files = (
			);
			runOnlyForDeploymentPostprocessing = 0;
		};
/* End PBXSourcesBuildPhase section */

/* Begin PBXTargetDependency section */
		2B72F7212DB279FD005CC491 /* PBXTargetDependency */ = {
			isa = PBXTargetDependency;
			target = 2B72F7082DB279FB005CC491 /* GithubList */;
			targetProxy = 2B72F7202DB279FD005CC491 /* PBXContainerItemProxy */;
		};
		2B72F72B2DB279FD005CC491 /* PBXTargetDependency */ = {
			isa = PBXTargetDependency;
			target = 2B72F7082DB279FB005CC491 /* GithubList */;
			targetProxy = 2B72F72A2DB279FD005CC491 /* PBXContainerItemProxy */;
		};
/* End PBXTargetDependency section */

/* Begin XCBuildConfiguration section */
		2B72F7332DB279FD005CC491 /* Debug */ = {
			isa = XCBuildConfiguration;
			buildSettings = {
				ASSETCATALOG_COMPILER_APPICON_NAME = AppIcon;
				ASSETCATALOG_COMPILER_GLOBAL_ACCENT_COLOR_NAME = AccentColor;
				CODE_SIGN_STYLE = Automatic;
				CURRENT_PROJECT_VERSION = 1;
				GENERATE_INFOPLIST_FILE = YES;
				INFOPLIST_FILE = GithubList/Info.plist;
				INFOPLIST_KEY_UIApplicationSupportsIndirectInputEvents = YES;
				INFOPLIST_KEY_UILaunchStoryboardName = LaunchScreen;
				INFOPLIST_KEY_UIMainStoryboardFile = Main;
				INFOPLIST_KEY_UISupportedInterfaceOrientations_iPad = "UIInterfaceOrientationPortrait UIInterfaceOrientationPortraitUpsideDown UIInterfaceOrientationLandscapeLeft UIInterfaceOrientationLandscapeRight";
				INFOPLIST_KEY_UISupportedInterfaceOrientations_iPhone = "UIInterfaceOrientationPortrait UIInterfaceOrientationLandscapeLeft UIInterfaceOrientationLandscapeRight";
				LD_RUNPATH_SEARCH_PATHS = (
					"$(inherited)",
					"@executable_path/Frameworks",
				);
				MARKETING_VERSION = 1.0;
				PRODUCT_BUNDLE_IDENTIFIER = com.kulraj.GithubList;
				PRODUCT_NAME = "$(TARGET_NAME)";
				SWIFT_EMIT_LOC_STRINGS = YES;
				SWIFT_VERSION = 5.0;
				TARGETED_DEVICE_FAMILY = "1,2";
			};
			name = Debug;
		};
		2B72F7342DB279FD005CC491 /* Release */ = {
			isa = XCBuildConfiguration;
			buildSettings = {
				ASSETCATALOG_COMPILER_APPICON_NAME = AppIcon;
				ASSETCATALOG_COMPILER_GLOBAL_ACCENT_COLOR_NAME = AccentColor;
				CODE_SIGN_STYLE = Automatic;
				CURRENT_PROJECT_VERSION = 1;
				GENERATE_INFOPLIST_FILE = YES;
				INFOPLIST_FILE = GithubList/Info.plist;
				INFOPLIST_KEY_UIApplicationSupportsIndirectInputEvents = YES;
				INFOPLIST_KEY_UILaunchStoryboardName = LaunchScreen;
				INFOPLIST_KEY_UIMainStoryboardFile = Main;
				INFOPLIST_KEY_UISupportedInterfaceOrientations_iPad = "UIInterfaceOrientationPortrait UIInterfaceOrientationPortraitUpsideDown UIInterfaceOrientationLandscapeLeft UIInterfaceOrientationLandscapeRight";
				INFOPLIST_KEY_UISupportedInterfaceOrientations_iPhone = "UIInterfaceOrientationPortrait UIInterfaceOrientationLandscapeLeft UIInterfaceOrientationLandscapeRight";
				LD_RUNPATH_SEARCH_PATHS = (
					"$(inherited)",
					"@executable_path/Frameworks",
				);
				MARKETING_VERSION = 1.0;
				PRODUCT_BUNDLE_IDENTIFIER = com.kulraj.GithubList;
				PRODUCT_NAME = "$(TARGET_NAME)";
				SWIFT_EMIT_LOC_STRINGS = YES;
				SWIFT_VERSION = 5.0;
				TARGETED_DEVICE_FAMILY = "1,2";
			};
			name = Release;
		};
		2B72F7352DB279FD005CC491 /* Debug */ = {
			isa = XCBuildConfiguration;
			buildSettings = {
				ALWAYS_SEARCH_USER_PATHS = NO;
				ASSETCATALOG_COMPILER_GENERATE_SWIFT_ASSET_SYMBOL_EXTENSIONS = YES;
				CLANG_ANALYZER_NONNULL = YES;
				CLANG_ANALYZER_NUMBER_OBJECT_CONVERSION = YES_AGGRESSIVE;
				CLANG_CXX_LANGUAGE_STANDARD = "gnu++20";
				CLANG_ENABLE_MODULES = YES;
				CLANG_ENABLE_OBJC_ARC = YES;
				CLANG_ENABLE_OBJC_WEAK = YES;
				CLANG_WARN_BLOCK_CAPTURE_AUTORELEASING = YES;
				CLANG_WARN_BOOL_CONVERSION = YES;
				CLANG_WARN_COMMA = YES;
				CLANG_WARN_CONSTANT_CONVERSION = YES;
				CLANG_WARN_DEPRECATED_OBJC_IMPLEMENTATIONS = YES;
				CLANG_WARN_DIRECT_OBJC_ISA_USAGE = YES_ERROR;
				CLANG_WARN_DOCUMENTATION_COMMENTS = YES;
				CLANG_WARN_EMPTY_BODY = YES;
				CLANG_WARN_ENUM_CONVERSION = YES;
				CLANG_WARN_INFINITE_RECURSION = YES;
				CLANG_WARN_INT_CONVERSION = YES;
				CLANG_WARN_NON_LITERAL_NULL_CONVERSION = YES;
				CLANG_WARN_OBJC_IMPLICIT_RETAIN_SELF = YES;
				CLANG_WARN_OBJC_LITERAL_CONVERSION = YES;
				CLANG_WARN_OBJC_ROOT_CLASS = YES_ERROR;
				CLANG_WARN_QUOTED_INCLUDE_IN_FRAMEWORK_HEADER = YES;
				CLANG_WARN_RANGE_LOOP_ANALYSIS = YES;
				CLANG_WARN_STRICT_PROTOTYPES = YES;
				CLANG_WARN_SUSPICIOUS_MOVE = YES;
				CLANG_WARN_UNGUARDED_AVAILABILITY = YES_AGGRESSIVE;
				CLANG_WARN_UNREACHABLE_CODE = YES;
				CLANG_WARN__DUPLICATE_METHOD_MATCH = YES;
				COPY_PHASE_STRIP = NO;
				DEBUG_INFORMATION_FORMAT = dwarf;
				ENABLE_STRICT_OBJC_MSGSEND = YES;
				ENABLE_TESTABILITY = YES;
				ENABLE_USER_SCRIPT_SANDBOXING = YES;
				GCC_C_LANGUAGE_STANDARD = gnu17;
				GCC_DYNAMIC_NO_PIC = NO;
				GCC_NO_COMMON_BLOCKS = YES;
				GCC_OPTIMIZATION_LEVEL = 0;
				GCC_PREPROCESSOR_DEFINITIONS = (
					"DEBUG=1",
					"$(inherited)",
				);
				GCC_WARN_64_TO_32_BIT_CONVERSION = YES;
				GCC_WARN_ABOUT_RETURN_TYPE = YES_ERROR;
				GCC_WARN_UNDECLARED_SELECTOR = YES;
				GCC_WARN_UNINITIALIZED_AUTOS = YES_AGGRESSIVE;
				GCC_WARN_UNUSED_FUNCTION = YES;
				GCC_WARN_UNUSED_VARIABLE = YES;
				IPHONEOS_DEPLOYMENT_TARGET = 18.0;
				LOCALIZATION_PREFERS_STRING_CATALOGS = YES;
				MTL_ENABLE_DEBUG_INFO = INCLUDE_SOURCE;
				MTL_FAST_MATH = YES;
				ONLY_ACTIVE_ARCH = YES;
				SDKROOT = iphoneos;
				SWIFT_ACTIVE_COMPILATION_CONDITIONS = "DEBUG $(inherited)";
				SWIFT_OPTIMIZATION_LEVEL = "-Onone";
			};
			name = Debug;
		};
		2B72F7362DB279FD005CC491 /* Release */ = {
			isa = XCBuildConfiguration;
			buildSettings = {
				ALWAYS_SEARCH_USER_PATHS = NO;
				ASSETCATALOG_COMPILER_GENERATE_SWIFT_ASSET_SYMBOL_EXTENSIONS = YES;
				CLANG_ANALYZER_NONNULL = YES;
				CLANG_ANALYZER_NUMBER_OBJECT_CONVERSION = YES_AGGRESSIVE;
				CLANG_CXX_LANGUAGE_STANDARD = "gnu++20";
				CLANG_ENABLE_MODULES = YES;
				CLANG_ENABLE_OBJC_ARC = YES;
				CLANG_ENABLE_OBJC_WEAK = YES;
				CLANG_WARN_BLOCK_CAPTURE_AUTORELEASING = YES;
				CLANG_WARN_BOOL_CONVERSION = YES;
				CLANG_WARN_COMMA = YES;
				CLANG_WARN_CONSTANT_CONVERSION = YES;
				CLANG_WARN_DEPRECATED_OBJC_IMPLEMENTATIONS = YES;
				CLANG_WARN_DIRECT_OBJC_ISA_USAGE = YES_ERROR;
				CLANG_WARN_DOCUMENTATION_COMMENTS = YES;
				CLANG_WARN_EMPTY_BODY = YES;
				CLANG_WARN_ENUM_CONVERSION = YES;
				CLANG_WARN_INFINITE_RECURSION = YES;
				CLANG_WARN_INT_CONVERSION = YES;
				CLANG_WARN_NON_LITERAL_NULL_CONVERSION = YES;
				CLANG_WARN_OBJC_IMPLICIT_RETAIN_SELF = YES;
				CLANG_WARN_OBJC_LITERAL_CONVERSION = YES;
				CLANG_WARN_OBJC_ROOT_CLASS = YES_ERROR;
				CLANG_WARN_QUOTED_INCLUDE_IN_FRAMEWORK_HEADER = YES;
				CLANG_WARN_RANGE_LOOP_ANALYSIS = YES;
				CLANG_WARN_STRICT_PROTOTYPES = YES;
				CLANG_WARN_SUSPICIOUS_MOVE = YES;
				CLANG_WARN_UNGUARDED_AVAILABILITY = YES_AGGRESSIVE;
				CLANG_WARN_UNREACHABLE_CODE = YES;
				CLANG_WARN__DUPLICATE_METHOD_MATCH = YES;
				COPY_PHASE_STRIP = NO;
				DEBUG_INFORMATION_FORMAT = "dwarf-with-dsym";
				ENABLE_NS_ASSERTIONS = NO;
				ENABLE_STRICT_OBJC_MSGSEND = YES;
				ENABLE_USER_SCRIPT_SANDBOXING = YES;
				GCC_C_LANGUAGE_STANDARD = gnu17;
				GCC_NO_COMMON_BLOCKS = YES;
				GCC_WARN_64_TO_32_BIT_CONVERSION = YES;
				GCC_WARN_ABOUT_RETURN_TYPE = YES_ERROR;
				GCC_WARN_UNDECLARED_SELECTOR = YES;
				GCC_WARN_UNINITIALIZED_AUTOS = YES_AGGRESSIVE;
				GCC_WARN_UNUSED_FUNCTION = YES;
				GCC_WARN_UNUSED_VARIABLE = YES;
				IPHONEOS_DEPLOYMENT_TARGET = 18.0;
				LOCALIZATION_PREFERS_STRING_CATALOGS = YES;
				MTL_ENABLE_DEBUG_INFO = NO;
				MTL_FAST_MATH = YES;
				SDKROOT = iphoneos;
				SWIFT_COMPILATION_MODE = wholemodule;
				VALIDATE_PRODUCT = YES;
			};
			name = Release;
		};
		2B72F7382DB279FD005CC491 /* Debug */ = {
			isa = XCBuildConfiguration;
			buildSettings = {
				BUNDLE_LOADER = "$(TEST_HOST)";
				CODE_SIGN_STYLE = Automatic;
				CURRENT_PROJECT_VERSION = 1;
				GENERATE_INFOPLIST_FILE = YES;
				IPHONEOS_DEPLOYMENT_TARGET = 18.0;
				MARKETING_VERSION = 1.0;
				PRODUCT_BUNDLE_IDENTIFIER = com.kulraj.GithubListTests;
				PRODUCT_NAME = "$(TARGET_NAME)";
				SWIFT_EMIT_LOC_STRINGS = NO;
				SWIFT_VERSION = 5.0;
				TARGETED_DEVICE_FAMILY = "1,2";
				TEST_HOST = "$(BUILT_PRODUCTS_DIR)/GithubList.app/$(BUNDLE_EXECUTABLE_FOLDER_PATH)/GithubList";
			};
			name = Debug;
		};
		2B72F7392DB279FD005CC491 /* Release */ = {
			isa = XCBuildConfiguration;
			buildSettings = {
				BUNDLE_LOADER = "$(TEST_HOST)";
				CODE_SIGN_STYLE = Automatic;
				CURRENT_PROJECT_VERSION = 1;
				GENERATE_INFOPLIST_FILE = YES;
				IPHONEOS_DEPLOYMENT_TARGET = 18.0;
				MARKETING_VERSION = 1.0;
				PRODUCT_BUNDLE_IDENTIFIER = com.kulraj.GithubListTests;
				PRODUCT_NAME = "$(TARGET_NAME)";
				SWIFT_EMIT_LOC_STRINGS = NO;
				SWIFT_VERSION = 5.0;
				TARGETED_DEVICE_FAMILY = "1,2";
				TEST_HOST = "$(BUILT_PRODUCTS_DIR)/GithubList.app/$(BUNDLE_EXECUTABLE_FOLDER_PATH)/GithubList";
			};
			name = Release;
		};
		2B72F73B2DB279FD005CC491 /* Debug */ = {
			isa = XCBuildConfiguration;
			buildSettings = {
				CODE_SIGN_STYLE = Automatic;
				CURRENT_PROJECT_VERSION = 1;
				GENERATE_INFOPLIST_FILE = YES;
				MARKETING_VERSION = 1.0;
				PRODUCT_BUNDLE_IDENTIFIER = com.kulraj.GithubListUITests;
				PRODUCT_NAME = "$(TARGET_NAME)";
				SWIFT_EMIT_LOC_STRINGS = NO;
				SWIFT_VERSION = 5.0;
				TARGETED_DEVICE_FAMILY = "1,2";
				TEST_TARGET_NAME = GithubList;
			};
			name = Debug;
		};
		2B72F73C2DB279FD005CC491 /* Release */ = {
			isa = XCBuildConfiguration;
			buildSettings = {
				CODE_SIGN_STYLE = Automatic;
				CURRENT_PROJECT_VERSION = 1;
				GENERATE_INFOPLIST_FILE = YES;
				MARKETING_VERSION = 1.0;
				PRODUCT_BUNDLE_IDENTIFIER = com.kulraj.GithubListUITests;
				PRODUCT_NAME = "$(TARGET_NAME)";
				SWIFT_EMIT_LOC_STRINGS = NO;
				SWIFT_VERSION = 5.0;
				TARGETED_DEVICE_FAMILY = "1,2";
				TEST_TARGET_NAME = GithubList;
			};
			name = Release;
		};
/* End XCBuildConfiguration section */

/* Begin XCConfigurationList section */
		2B72F7042DB279FB005CC491 /* Build configuration list for PBXProject "GithubList" */ = {
			isa = XCConfigurationList;
			buildConfigurations = (
				2B72F7352DB279FD005CC491 /* Debug */,
				2B72F7362DB279FD005CC491 /* Release */,
			);
			defaultConfigurationIsVisible = 0;
			defaultConfigurationName = Release;
		};
		2B72F7322DB279FD005CC491 /* Build configuration list for PBXNativeTarget "GithubList" */ = {
			isa = XCConfigurationList;
			buildConfigurations = (
				2B72F7332DB279FD005CC491 /* Debug */,
				2B72F7342DB279FD005CC491 /* Release */,
			);
			defaultConfigurationIsVisible = 0;
			defaultConfigurationName = Release;
		};
		2B72F7372DB279FD005CC491 /* Build configuration list for PBXNativeTarget "GithubListTests" */ = {
			isa = XCConfigurationList;
			buildConfigurations = (
				2B72F7382DB279FD005CC491 /* Debug */,
				2B72F7392DB279FD005CC491 /* Release */,
			);
			defaultConfigurationIsVisible = 0;
			defaultConfigurationName = Release;
		};
		2B72F73A2DB279FD005CC491 /* Build configuration list for PBXNativeTarget "GithubListUITests" */ = {
			isa = XCConfigurationList;
			buildConfigurations = (
				2B72F73B2DB279FD005CC491 /* Debug */,
				2B72F73C2DB279FD005CC491 /* Release */,
			);
			defaultConfigurationIsVisible = 0;
			defaultConfigurationName = Release;
		};
/* End XCConfigurationList section */
	};
	rootObject = 2B72F7012DB279FB005CC491 /* Project object */;
}
